// !$*UTF8*$!
{
	archiveVersion = 1;
	classes = {
	};
	objectVersion = 50;
	objects = {

/* Begin PBXBuildFile section */
		FB00F42F240975170022CFD7 /* AppDelegate.m in Sources */ = {isa = PBXBuildFile; fileRef = FB00F42E240975170022CFD7 /* AppDelegate.m */; };
		FB00F432240975170022CFD7 /* SceneDelegate.m in Sources */ = {isa = PBXBuildFile; fileRef = FB00F431240975170022CFD7 /* SceneDelegate.m */; };
		FB00F438240975170022CFD7 /* Main.storyboard in Resources */ = {isa = PBXBuildFile; fileRef = FB00F436240975170022CFD7 /* Main.storyboard */; };
		FB00F43A2409751B0022CFD7 /* Assets.xcassets in Resources */ = {isa = PBXBuildFile; fileRef = FB00F4392409751B0022CFD7 /* Assets.xcassets */; };
		FB00F43D2409751B0022CFD7 /* LaunchScreen.storyboard in Resources */ = {isa = PBXBuildFile; fileRef = FB00F43B2409751B0022CFD7 /* LaunchScreen.storyboard */; };
		FB00F4402409751B0022CFD7 /* main.m in Sources */ = {isa = PBXBuildFile; fileRef = FB00F43F2409751B0022CFD7 /* main.m */; };
		FB00F44924097DCF0022CFD7 /* TLCPokemon.m in Sources */ = {isa = PBXBuildFile; fileRef = FB00F44824097DCF0022CFD7 /* TLCPokemon.m */; };
		FB00F44B2409828A0022CFD7 /* LambdaSDK in Resources */ = {isa = PBXBuildFile; fileRef = FB00F44A2409828A0022CFD7 /* LambdaSDK */; };
		FB00F44F240986B30022CFD7 /* TLCPokemonController.m in Sources */ = {isa = PBXBuildFile; fileRef = FB00F44E240986B30022CFD7 /* TLCPokemonController.m */; };
		FB00F453240988BB0022CFD7 /* APIController.swift in Sources */ = {isa = PBXBuildFile; fileRef = FB00F452240988BB0022CFD7 /* APIController.swift */; };
		FB00F45624098EA90022CFD7 /* LSIErrors.m in Sources */ = {isa = PBXBuildFile; fileRef = FB00F45524098EA80022CFD7 /* LSIErrors.m */; };
/* End PBXBuildFile section */

/* Begin PBXFileReference section */
		FB00F42A240975170022CFD7 /* PokeDexSprint15.app */ = {isa = PBXFileReference; explicitFileType = wrapper.application; includeInIndex = 0; path = PokeDexSprint15.app; sourceTree = BUILT_PRODUCTS_DIR; };
		FB00F42D240975170022CFD7 /* AppDelegate.h */ = {isa = PBXFileReference; lastKnownFileType = sourcecode.c.h; path = AppDelegate.h; sourceTree = "<group>"; };
		FB00F42E240975170022CFD7 /* AppDelegate.m */ = {isa = PBXFileReference; lastKnownFileType = sourcecode.c.objc; path = AppDelegate.m; sourceTree = "<group>"; };
		FB00F430240975170022CFD7 /* SceneDelegate.h */ = {isa = PBXFileReference; lastKnownFileType = sourcecode.c.h; path = SceneDelegate.h; sourceTree = "<group>"; };
		FB00F431240975170022CFD7 /* SceneDelegate.m */ = {isa = PBXFileReference; lastKnownFileType = sourcecode.c.objc; path = SceneDelegate.m; sourceTree = "<group>"; };
		FB00F437240975170022CFD7 /* Base */ = {isa = PBXFileReference; lastKnownFileType = file.storyboard; name = Base; path = Base.lproj/Main.storyboard; sourceTree = "<group>"; };
		FB00F4392409751B0022CFD7 /* Assets.xcassets */ = {isa = PBXFileReference; lastKnownFileType = folder.assetcatalog; path = Assets.xcassets; sourceTree = "<group>"; };
		FB00F43C2409751B0022CFD7 /* Base */ = {isa = PBXFileReference; lastKnownFileType = file.storyboard; name = Base; path = Base.lproj/LaunchScreen.storyboard; sourceTree = "<group>"; };
		FB00F43E2409751B0022CFD7 /* Info.plist */ = {isa = PBXFileReference; lastKnownFileType = text.plist.xml; path = Info.plist; sourceTree = "<group>"; };
		FB00F43F2409751B0022CFD7 /* main.m */ = {isa = PBXFileReference; lastKnownFileType = sourcecode.c.objc; path = main.m; sourceTree = "<group>"; };
		FB00F44724097DCF0022CFD7 /* TLCPokemon.h */ = {isa = PBXFileReference; lastKnownFileType = sourcecode.c.h; path = TLCPokemon.h; sourceTree = "<group>"; };
		FB00F44824097DCF0022CFD7 /* TLCPokemon.m */ = {isa = PBXFileReference; lastKnownFileType = sourcecode.c.objc; path = TLCPokemon.m; sourceTree = "<group>"; };
		FB00F44A2409828A0022CFD7 /* LambdaSDK */ = {isa = PBXFileReference; lastKnownFileType = folder; name = LambdaSDK; path = "../../../C-Stuff/ios-afternoon-project-astronomy-objc/TLCAstronomy/TLCAstronomy/LambdaSDK"; sourceTree = "<group>"; };
		FB00F44D240986B30022CFD7 /* TLCPokemonController.h */ = {isa = PBXFileReference; lastKnownFileType = sourcecode.c.h; path = TLCPokemonController.h; sourceTree = "<group>"; };
		FB00F44E240986B30022CFD7 /* TLCPokemonController.m */ = {isa = PBXFileReference; lastKnownFileType = sourcecode.c.objc; path = TLCPokemonController.m; sourceTree = "<group>"; };
		FB00F451240988BB0022CFD7 /* PokeDexSprint15-Bridging-Header.h */ = {isa = PBXFileReference; lastKnownFileType = sourcecode.c.h; path = "PokeDexSprint15-Bridging-Header.h"; sourceTree = "<group>"; };
		FB00F452240988BB0022CFD7 /* APIController.swift */ = {isa = PBXFileReference; lastKnownFileType = sourcecode.swift; path = APIController.swift; sourceTree = "<group>"; };
		FB00F454240989C30022CFD7 /* LSIErrors.h */ = {isa = PBXFileReference; lastKnownFileType = sourcecode.c.h; name = LSIErrors.h; path = "../../../../C-Stuff/ios-afternoon-project-astronomy-objc/TLCAstronomy/TLCAstronomy/LambdaSDK/LSIErrors.h"; sourceTree = "<group>"; };
		FB00F45524098EA80022CFD7 /* LSIErrors.m */ = {isa = PBXFileReference; fileEncoding = 4; lastKnownFileType = sourcecode.c.objc; name = LSIErrors.m; path = "../../../../C-Stuff/ios-afternoon-project-astronomy-objc/TLCAstronomy/TLCAstronomy/LambdaSDK/LSIErrors.m"; sourceTree = "<group>"; };
/* End PBXFileReference section */

/* Begin PBXFrameworksBuildPhase section */
		FB00F427240975170022CFD7 /* Frameworks */ = {
			isa = PBXFrameworksBuildPhase;
			buildActionMask = 2147483647;
			files = (
			);
			runOnlyForDeploymentPostprocessing = 0;
		};
/* End PBXFrameworksBuildPhase section */

/* Begin PBXGroup section */
		FB00F421240975170022CFD7 = {
			isa = PBXGroup;
			children = (
				FB00F42C240975170022CFD7 /* PokeDexSprint15 */,
				FB00F42B240975170022CFD7 /* Products */,
			);
			sourceTree = "<group>";
		};
		FB00F42B240975170022CFD7 /* Products */ = {
			isa = PBXGroup;
			children = (
				FB00F42A240975170022CFD7 /* PokeDexSprint15.app */,
			);
			name = Products;
			sourceTree = "<group>";
		};
		FB00F42C240975170022CFD7 /* PokeDexSprint15 */ = {
			isa = PBXGroup;
			children = (
				FB00F4502409889B0022CFD7 /* APIController */,
				FB00F44C2409869A0022CFD7 /* Model Controller */,
				FB00F44624097DB70022CFD7 /* Model */,
				FB00F42D240975170022CFD7 /* AppDelegate.h */,
				FB00F42E240975170022CFD7 /* AppDelegate.m */,
				FB00F430240975170022CFD7 /* SceneDelegate.h */,
				FB00F431240975170022CFD7 /* SceneDelegate.m */,
				FB00F436240975170022CFD7 /* Main.storyboard */,
				FB00F4392409751B0022CFD7 /* Assets.xcassets */,
				FB00F43B2409751B0022CFD7 /* LaunchScreen.storyboard */,
				FB00F43E2409751B0022CFD7 /* Info.plist */,
				FB00F43F2409751B0022CFD7 /* main.m */,
				FB00F44A2409828A0022CFD7 /* LambdaSDK */,
			);
			path = PokeDexSprint15;
			sourceTree = "<group>";
		};
		FB00F44624097DB70022CFD7 /* Model */ = {
			isa = PBXGroup;
			children = (
				FB00F44724097DCF0022CFD7 /* TLCPokemon.h */,
				FB00F44824097DCF0022CFD7 /* TLCPokemon.m */,
			);
			path = Model;
			sourceTree = "<group>";
		};
		FB00F44C2409869A0022CFD7 /* Model Controller */ = {
			isa = PBXGroup;
			children = (
				FB00F44D240986B30022CFD7 /* TLCPokemonController.h */,
				FB00F44E240986B30022CFD7 /* TLCPokemonController.m */,
			);
			path = "Model Controller";
			sourceTree = "<group>";
		};
		FB00F4502409889B0022CFD7 /* APIController */ = {
			isa = PBXGroup;
			children = (
				FB00F452240988BB0022CFD7 /* APIController.swift */,
				FB00F451240988BB0022CFD7 /* PokeDexSprint15-Bridging-Header.h */,
				FB00F454240989C30022CFD7 /* LSIErrors.h */,
				FB00F45524098EA80022CFD7 /* LSIErrors.m */,
			);
			path = APIController;
			sourceTree = "<group>";
		};
/* End PBXGroup section */

/* Begin PBXNativeTarget section */
		FB00F429240975170022CFD7 /* PokeDexSprint15 */ = {
			isa = PBXNativeTarget;
			buildConfigurationList = FB00F4432409751B0022CFD7 /* Build configuration list for PBXNativeTarget "PokeDexSprint15" */;
			buildPhases = (
				FB00F426240975170022CFD7 /* Sources */,
				FB00F427240975170022CFD7 /* Frameworks */,
				FB00F428240975170022CFD7 /* Resources */,
			);
			buildRules = (
			);
			dependencies = (
			);
			name = PokeDexSprint15;
			productName = PokeDexSprint15;
			productReference = FB00F42A240975170022CFD7 /* PokeDexSprint15.app */;
			productType = "com.apple.product-type.application";
		};
/* End PBXNativeTarget section */

/* Begin PBXProject section */
		FB00F422240975170022CFD7 /* Project object */ = {
			isa = PBXProject;
			attributes = {
				LastUpgradeCheck = 1110;
				ORGANIZATIONNAME = Lambda_School_Loaner_219;
				TargetAttributes = {
					FB00F429240975170022CFD7 = {
						CreatedOnToolsVersion = 11.1;
						LastSwiftMigration = 1110;
					};
				};
			};
			buildConfigurationList = FB00F425240975170022CFD7 /* Build configuration list for PBXProject "PokeDexSprint15" */;
			compatibilityVersion = "Xcode 9.3";
			developmentRegion = en;
			hasScannedForEncodings = 0;
			knownRegions = (
				en,
				Base,
			);
			mainGroup = FB00F421240975170022CFD7;
			productRefGroup = FB00F42B240975170022CFD7 /* Products */;
			projectDirPath = "";
			projectRoot = "";
			targets = (
				FB00F429240975170022CFD7 /* PokeDexSprint15 */,
			);
		};
/* End PBXProject section */

/* Begin PBXResourcesBuildPhase section */
		FB00F428240975170022CFD7 /* Resources */ = {
			isa = PBXResourcesBuildPhase;
			buildActionMask = 2147483647;
			files = (
				FB00F44B2409828A0022CFD7 /* LambdaSDK in Resources */,
				FB00F43D2409751B0022CFD7 /* LaunchScreen.storyboard in Resources */,
				FB00F43A2409751B0022CFD7 /* Assets.xcassets in Resources */,
				FB00F438240975170022CFD7 /* Main.storyboard in Resources */,
			);
			runOnlyForDeploymentPostprocessing = 0;
		};
/* End PBXResourcesBuildPhase section */

/* Begin PBXSourcesBuildPhase section */
		FB00F426240975170022CFD7 /* Sources */ = {
			isa = PBXSourcesBuildPhase;
			buildActionMask = 2147483647;
			files = (
				FB00F453240988BB0022CFD7 /* APIController.swift in Sources */,
				FB00F42F240975170022CFD7 /* AppDelegate.m in Sources */,
				FB00F45624098EA90022CFD7 /* LSIErrors.m in Sources */,
				FB00F4402409751B0022CFD7 /* main.m in Sources */,
				FB00F432240975170022CFD7 /* SceneDelegate.m in Sources */,
				FB00F44924097DCF0022CFD7 /* TLCPokemon.m in Sources */,
				FB00F44F240986B30022CFD7 /* TLCPokemonController.m in Sources */,
			);
			runOnlyForDeploymentPostprocessing = 0;
		};
/* End PBXSourcesBuildPhase section */

/* Begin PBXVariantGroup section */
		FB00F436240975170022CFD7 /* Main.storyboard */ = {
			isa = PBXVariantGroup;
			children = (
				FB00F437240975170022CFD7 /* Base */,
			);
			name = Main.storyboard;
			sourceTree = "<group>";
		};
		FB00F43B2409751B0022CFD7 /* LaunchScreen.storyboard */ = {
			isa = PBXVariantGroup;
			children = (
				FB00F43C2409751B0022CFD7 /* Base */,
			);
			name = LaunchScreen.storyboard;
			sourceTree = "<group>";
		};
/* End PBXVariantGroup section */

/* Begin XCBuildConfiguration section */
		FB00F4412409751B0022CFD7 /* Debug */ = {
			isa = XCBuildConfiguration;
			buildSettings = {
				ALWAYS_SEARCH_USER_PATHS = NO;
				CLANG_ANALYZER_NONNULL = YES;
				CLANG_ANALYZER_NUMBER_OBJECT_CONVERSION = YES_AGGRESSIVE;
				CLANG_CXX_LANGUAGE_STANDARD = "gnu++14";
				CLANG_CXX_LIBRARY = "libc++";
				CLANG_ENABLE_MODULES = YES;
				CLANG_ENABLE_OBJC_ARC = YES;
				CLANG_ENABLE_OBJC_WEAK = YES;
				CLANG_WARN_BLOCK_CAPTURE_AUTORELEASING = YES;
				CLANG_WARN_BOOL_CONVERSION = YES;
				CLANG_WARN_COMMA = YES;
				CLANG_WARN_CONSTANT_CONVERSION = YES;
				CLANG_WARN_DEPRECATED_OBJC_IMPLEMENTATIONS = YES;
				CLANG_WARN_DIRECT_OBJC_ISA_USAGE = YES_ERROR;
				CLANG_WARN_DOCUMENTATION_COMMENTS = YES;
				CLANG_WARN_EMPTY_BODY = YES;
				CLANG_WARN_ENUM_CONVERSION = YES;
				CLANG_WARN_INFINITE_RECURSION = YES;
				CLANG_WARN_INT_CONVERSION = YES;
				CLANG_WARN_NON_LITERAL_NULL_CONVERSION = YES;
				CLANG_WARN_OBJC_IMPLICIT_RETAIN_SELF = YES;
				CLANG_WARN_OBJC_LITERAL_CONVERSION = YES;
				CLANG_WARN_OBJC_ROOT_CLASS = YES_ERROR;
				CLANG_WARN_RANGE_LOOP_ANALYSIS = YES;
				CLANG_WARN_STRICT_PROTOTYPES = YES;
				CLANG_WARN_SUSPICIOUS_MOVE = YES;
				CLANG_WARN_UNGUARDED_AVAILABILITY = YES_AGGRESSIVE;
				CLANG_WARN_UNREACHABLE_CODE = YES;
				CLANG_WARN__DUPLICATE_METHOD_MATCH = YES;
				COPY_PHASE_STRIP = NO;
				DEBUG_INFORMATION_FORMAT = dwarf;
				ENABLE_STRICT_OBJC_MSGSEND = YES;
				ENABLE_TESTABILITY = YES;
				GCC_C_LANGUAGE_STANDARD = gnu11;
				GCC_DYNAMIC_NO_PIC = NO;
				GCC_NO_COMMON_BLOCKS = YES;
				GCC_OPTIMIZATION_LEVEL = 0;
				GCC_PREPROCESSOR_DEFINITIONS = (
					"DEBUG=1",
					"$(inherited)",
				);
				GCC_WARN_64_TO_32_BIT_CONVERSION = YES;
				GCC_WARN_ABOUT_RETURN_TYPE = YES_ERROR;
				GCC_WARN_UNDECLARED_SELECTOR = YES;
				GCC_WARN_UNINITIALIZED_AUTOS = YES_AGGRESSIVE;
				GCC_WARN_UNUSED_FUNCTION = YES;
				GCC_WARN_UNUSED_VARIABLE = YES;
				IPHONEOS_DEPLOYMENT_TARGET = 13.1;
				MTL_ENABLE_DEBUG_INFO = INCLUDE_SOURCE;
				MTL_FAST_MATH = YES;
				ONLY_ACTIVE_ARCH = YES;
				SDKROOT = iphoneos;
			};
			name = Debug;
		};
		FB00F4422409751B0022CFD7 /* Release */ = {
			isa = XCBuildConfiguration;
			buildSettings = {
				ALWAYS_SEARCH_USER_PATHS = NO;
				CLANG_ANALYZER_NONNULL = YES;
				CLANG_ANALYZER_NUMBER_OBJECT_CONVERSION = YES_AGGRESSIVE;
				CLANG_CXX_LANGUAGE_STANDARD = "gnu++14";
				CLANG_CXX_LIBRARY = "libc++";
				CLANG_ENABLE_MODULES = YES;
				CLANG_ENABLE_OBJC_ARC = YES;
				CLANG_ENABLE_OBJC_WEAK = YES;
				CLANG_WARN_BLOCK_CAPTURE_AUTORELEASING = YES;
				CLANG_WARN_BOOL_CONVERSION = YES;
				CLANG_WARN_COMMA = YES;
				CLANG_WARN_CONSTANT_CONVERSION = YES;
				CLANG_WARN_DEPRECATED_OBJC_IMPLEMENTATIONS = YES;
				CLANG_WARN_DIRECT_OBJC_ISA_USAGE = YES_ERROR;
				CLANG_WARN_DOCUMENTATION_COMMENTS = YES;
				CLANG_WARN_EMPTY_BODY = YES;
				CLANG_WARN_ENUM_CONVERSION = YES;
				CLANG_WARN_INFINITE_RECURSION = YES;
				CLANG_WARN_INT_CONVERSION = YES;
				CLANG_WARN_NON_LITERAL_NULL_CONVERSION = YES;
				CLANG_WARN_OBJC_IMPLICIT_RETAIN_SELF = YES;
				CLANG_WARN_OBJC_LITERAL_CONVERSION = YES;
				CLANG_WARN_OBJC_ROOT_CLASS = YES_ERROR;
				CLANG_WARN_RANGE_LOOP_ANALYSIS = YES;
				CLANG_WARN_STRICT_PROTOTYPES = YES;
				CLANG_WARN_SUSPICIOUS_MOVE = YES;
				CLANG_WARN_UNGUARDED_AVAILABILITY = YES_AGGRESSIVE;
				CLANG_WARN_UNREACHABLE_CODE = YES;
				CLANG_WARN__DUPLICATE_METHOD_MATCH = YES;
				COPY_PHASE_STRIP = NO;
				DEBUG_INFORMATION_FORMAT = "dwarf-with-dsym";
				ENABLE_NS_ASSERTIONS = NO;
				ENABLE_STRICT_OBJC_MSGSEND = YES;
				GCC_C_LANGUAGE_STANDARD = gnu11;
				GCC_NO_COMMON_BLOCKS = YES;
				GCC_WARN_64_TO_32_BIT_CONVERSION = YES;
				GCC_WARN_ABOUT_RETURN_TYPE = YES_ERROR;
				GCC_WARN_UNDECLARED_SELECTOR = YES;
				GCC_WARN_UNINITIALIZED_AUTOS = YES_AGGRESSIVE;
				GCC_WARN_UNUSED_FUNCTION = YES;
				GCC_WARN_UNUSED_VARIABLE = YES;
				IPHONEOS_DEPLOYMENT_TARGET = 13.1;
				MTL_ENABLE_DEBUG_INFO = NO;
				MTL_FAST_MATH = YES;
				SDKROOT = iphoneos;
				VALIDATE_PRODUCT = YES;
			};
			name = Release;
		};
		FB00F4442409751B0022CFD7 /* Debug */ = {
			isa = XCBuildConfiguration;
			buildSettings = {
				ASSETCATALOG_COMPILER_APPICON_NAME = AppIcon;
				CLANG_ENABLE_MODULES = YES;
				CODE_SIGN_STYLE = Automatic;
				DEVELOPMENT_TEAM = 4JYCUK7B5K;
				INFOPLIST_FILE = PokeDexSprint15/Info.plist;
				LD_RUNPATH_SEARCH_PATHS = (
					"$(inherited)",
					"@executable_path/Frameworks",
				);
				PRODUCT_BUNDLE_IDENTIFIER = lambda.PokeDexSprint15;
				PRODUCT_NAME = "$(TARGET_NAME)";
				SWIFT_OBJC_BRIDGING_HEADER = "PokeDexSprint15/APIController/PokeDexSprint15-Bridging-Header.h";
				SWIFT_OPTIMIZATION_LEVEL = "-Onone";
				SWIFT_VERSION = 5.0;
				TARGETED_DEVICE_FAMILY = "1,2";
			};
			name = Debug;
		};
		FB00F4452409751B0022CFD7 /* Release */ = {
			isa = XCBuildConfiguration;
			buildSettings = {
				ASSETCATALOG_COMPILER_APPICON_NAME = AppIcon;
				CLANG_ENABLE_MODULES = YES;
				CODE_SIGN_STYLE = Automatic;
				DEVELOPMENT_TEAM = 4JYCUK7B5K;
				INFOPLIST_FILE = PokeDexSprint15/Info.plist;
				LD_RUNPATH_SEARCH_PATHS = (
					"$(inherited)",
					"@executable_path/Frameworks",
				);
				PRODUCT_BUNDLE_IDENTIFIER = lambda.PokeDexSprint15;
				PRODUCT_NAME = "$(TARGET_NAME)";
				SWIFT_OBJC_BRIDGING_HEADER = "PokeDexSprint15/APIController/PokeDexSprint15-Bridging-Header.h";
				SWIFT_VERSION = 5.0;
				TARGETED_DEVICE_FAMILY = "1,2";
			};
			name = Release;
		};
/* End XCBuildConfiguration section */

/* Begin XCConfigurationList section */
		FB00F425240975170022CFD7 /* Build configuration list for PBXProject "PokeDexSprint15" */ = {
			isa = XCConfigurationList;
			buildConfigurations = (
				FB00F4412409751B0022CFD7 /* Debug */,
				FB00F4422409751B0022CFD7 /* Release */,
			);
			defaultConfigurationIsVisible = 0;
			defaultConfigurationName = Release;
		};
		FB00F4432409751B0022CFD7 /* Build configuration list for PBXNativeTarget "PokeDexSprint15" */ = {
			isa = XCConfigurationList;
			buildConfigurations = (
				FB00F4442409751B0022CFD7 /* Debug */,
				FB00F4452409751B0022CFD7 /* Release */,
			);
			defaultConfigurationIsVisible = 0;
			defaultConfigurationName = Release;
		};
/* End XCConfigurationList section */
	};
	rootObject = FB00F422240975170022CFD7 /* Project object */;
}
